// !$*UTF8*$!
{
	archiveVersion = 1;
	classes = {
	};
	objectVersion = 56;
	objects = {

/* Begin PBXBuildFile section */
		101A4170D9601E5FE55AC257 /* Pods_MentoriaProject.framework in Frameworks */ = {isa = PBXBuildFile; fileRef = 4D377D2DE414129FAB459DAD /* Pods_MentoriaProject.framework */; };
		B60A99AD2AA67557007983E0 /* AppDelegate.swift in Sources */ = {isa = PBXBuildFile; fileRef = B60A99AC2AA67557007983E0 /* AppDelegate.swift */; };
		B60A99AF2AA67557007983E0 /* SceneDelegate.swift in Sources */ = {isa = PBXBuildFile; fileRef = B60A99AE2AA67557007983E0 /* SceneDelegate.swift */; };
		B60A99B12AA67557007983E0 /* LoginViewController.swift in Sources */ = {isa = PBXBuildFile; fileRef = B60A99B02AA67557007983E0 /* LoginViewController.swift */; };
		B60A99B62AA67558007983E0 /* Assets.xcassets in Resources */ = {isa = PBXBuildFile; fileRef = B60A99B52AA67558007983E0 /* Assets.xcassets */; };
		B60A99B92AA67558007983E0 /* LaunchScreen.storyboard in Resources */ = {isa = PBXBuildFile; fileRef = B60A99B72AA67558007983E0 /* LaunchScreen.storyboard */; };
		B60A99C42AA676D8007983E0 /* LoginView.swift in Sources */ = {isa = PBXBuildFile; fileRef = B60A99C32AA676D8007983E0 /* LoginView.swift */; };
		B60A99C62AA67718007983E0 /* LoginViewModel.swift in Sources */ = {isa = PBXBuildFile; fileRef = B60A99C52AA67718007983E0 /* LoginViewModel.swift */; };
		B60A99C92AA67BE0007983E0 /* UIView+.swift in Sources */ = {isa = PBXBuildFile; fileRef = B60A99C82AA67BE0007983E0 /* UIView+.swift */; };
		B60A99CB2AA68601007983E0 /* UITextField+.swift in Sources */ = {isa = PBXBuildFile; fileRef = B60A99CA2AA68601007983E0 /* UITextField+.swift */; };
		B60A99CE2AA6942A007983E0 /* RegisterView.swift in Sources */ = {isa = PBXBuildFile; fileRef = B60A99CD2AA6942A007983E0 /* RegisterView.swift */; };
		B60A99D02AA69435007983E0 /* RegisterViewController.swift in Sources */ = {isa = PBXBuildFile; fileRef = B60A99CF2AA69435007983E0 /* RegisterViewController.swift */; };
		B60A99D22AA69441007983E0 /* RegisterViewModel.swift in Sources */ = {isa = PBXBuildFile; fileRef = B60A99D12AA69441007983E0 /* RegisterViewModel.swift */; };
		B67BDDDB2AAF84FC00F77A1E /* ApiService.swift in Sources */ = {isa = PBXBuildFile; fileRef = B67BDDDA2AAF84FC00F77A1E /* ApiService.swift */; };
		B67BDDDE2AAF86FF00F77A1E /* ThemeList.swift in Sources */ = {isa = PBXBuildFile; fileRef = B67BDDDD2AAF86FF00F77A1E /* ThemeList.swift */; };
		B67BDDE02AAF974400F77A1E /* ThemeById.swift in Sources */ = {isa = PBXBuildFile; fileRef = B67BDDDF2AAF974400F77A1E /* ThemeById.swift */; };
		B67BDDE22AAFA16300F77A1E /* ThemeComponentList.swift in Sources */ = {isa = PBXBuildFile; fileRef = B67BDDE12AAFA16300F77A1E /* ThemeComponentList.swift */; };
		B67BDDE42AAFA28F00F77A1E /* ThemeComponentById.swift in Sources */ = {isa = PBXBuildFile; fileRef = B67BDDE32AAFA28F00F77A1E /* ThemeComponentById.swift */; };
		B6810AD12AAD80EC004ED703 /* Coordinator.swift in Sources */ = {isa = PBXBuildFile; fileRef = B6810AD02AAD80EC004ED703 /* Coordinator.swift */; };
		B6810AD42AAD83D9004ED703 /* HomeViewController.swift in Sources */ = {isa = PBXBuildFile; fileRef = B6810AD32AAD83D9004ED703 /* HomeViewController.swift */; };
		B683928F2AAD3AA4000F8F5C /* GoogleService-Info.plist in Resources */ = {isa = PBXBuildFile; fileRef = B683928E2AAD3AA3000F8F5C /* GoogleService-Info.plist */; };
		B68392942AAD3F80000F8F5C /* Worker.swift in Sources */ = {isa = PBXBuildFile; fileRef = B68392932AAD3F80000F8F5C /* Worker.swift */; };
		B683929E2AAD47D7000F8F5C /* UserModel.swift in Sources */ = {isa = PBXBuildFile; fileRef = B683929D2AAD47D7000F8F5C /* UserModel.swift */; };
		B68392A02AAD48E6000F8F5C /* UserProvider.swift in Sources */ = {isa = PBXBuildFile; fileRef = B683929F2AAD48E6000F8F5C /* UserProvider.swift */; };
		B68392A32AAD515B000F8F5C /* Constants.swift in Sources */ = {isa = PBXBuildFile; fileRef = B68392A22AAD515B000F8F5C /* Constants.swift */; };
		B68392A52AAD52EE000F8F5C /* UserManager.swift in Sources */ = {isa = PBXBuildFile; fileRef = B68392A42AAD52EE000F8F5C /* UserManager.swift */; };
		B68392A72AAD546F000F8F5C /* UserBusiness.swift in Sources */ = {isa = PBXBuildFile; fileRef = B68392A62AAD546F000F8F5C /* UserBusiness.swift */; };
/* End PBXBuildFile section */

/* Begin PBXFileReference section */
		4D377D2DE414129FAB459DAD /* Pods_MentoriaProject.framework */ = {isa = PBXFileReference; explicitFileType = wrapper.framework; includeInIndex = 0; path = Pods_MentoriaProject.framework; sourceTree = BUILT_PRODUCTS_DIR; };
		808BBF6EDCC6B68AF85C8090 /* Pods-MentoriaProject.debug.xcconfig */ = {isa = PBXFileReference; includeInIndex = 1; lastKnownFileType = text.xcconfig; name = "Pods-MentoriaProject.debug.xcconfig"; path = "Target Support Files/Pods-MentoriaProject/Pods-MentoriaProject.debug.xcconfig"; sourceTree = "<group>"; };
		843E04C5E759987E3845026E /* Pods-MentoriaProject.release.xcconfig */ = {isa = PBXFileReference; includeInIndex = 1; lastKnownFileType = text.xcconfig; name = "Pods-MentoriaProject.release.xcconfig"; path = "Target Support Files/Pods-MentoriaProject/Pods-MentoriaProject.release.xcconfig"; sourceTree = "<group>"; };
		B60A99A92AA67557007983E0 /* MentoriaProject.app */ = {isa = PBXFileReference; explicitFileType = wrapper.application; includeInIndex = 0; path = MentoriaProject.app; sourceTree = BUILT_PRODUCTS_DIR; };
		B60A99AC2AA67557007983E0 /* AppDelegate.swift */ = {isa = PBXFileReference; lastKnownFileType = sourcecode.swift; path = AppDelegate.swift; sourceTree = "<group>"; };
		B60A99AE2AA67557007983E0 /* SceneDelegate.swift */ = {isa = PBXFileReference; lastKnownFileType = sourcecode.swift; path = SceneDelegate.swift; sourceTree = "<group>"; };
		B60A99B02AA67557007983E0 /* LoginViewController.swift */ = {isa = PBXFileReference; lastKnownFileType = sourcecode.swift; path = LoginViewController.swift; sourceTree = "<group>"; };
		B60A99B52AA67558007983E0 /* Assets.xcassets */ = {isa = PBXFileReference; lastKnownFileType = folder.assetcatalog; path = Assets.xcassets; sourceTree = "<group>"; };
		B60A99B82AA67558007983E0 /* Base */ = {isa = PBXFileReference; lastKnownFileType = file.storyboard; name = Base; path = Base.lproj/LaunchScreen.storyboard; sourceTree = "<group>"; };
		B60A99BA2AA67558007983E0 /* Info.plist */ = {isa = PBXFileReference; lastKnownFileType = text.plist.xml; path = Info.plist; sourceTree = "<group>"; };
		B60A99C32AA676D8007983E0 /* LoginView.swift */ = {isa = PBXFileReference; lastKnownFileType = sourcecode.swift; path = LoginView.swift; sourceTree = "<group>"; };
		B60A99C52AA67718007983E0 /* LoginViewModel.swift */ = {isa = PBXFileReference; lastKnownFileType = sourcecode.swift; path = LoginViewModel.swift; sourceTree = "<group>"; };
		B60A99C82AA67BE0007983E0 /* UIView+.swift */ = {isa = PBXFileReference; lastKnownFileType = sourcecode.swift; path = "UIView+.swift"; sourceTree = "<group>"; };
		B60A99CA2AA68601007983E0 /* UITextField+.swift */ = {isa = PBXFileReference; lastKnownFileType = sourcecode.swift; path = "UITextField+.swift"; sourceTree = "<group>"; };
		B60A99CD2AA6942A007983E0 /* RegisterView.swift */ = {isa = PBXFileReference; lastKnownFileType = sourcecode.swift; path = RegisterView.swift; sourceTree = "<group>"; };
		B60A99CF2AA69435007983E0 /* RegisterViewController.swift */ = {isa = PBXFileReference; lastKnownFileType = sourcecode.swift; path = RegisterViewController.swift; sourceTree = "<group>"; };
		B60A99D12AA69441007983E0 /* RegisterViewModel.swift */ = {isa = PBXFileReference; lastKnownFileType = sourcecode.swift; path = RegisterViewModel.swift; sourceTree = "<group>"; };
		B67BDDDA2AAF84FC00F77A1E /* ApiService.swift */ = {isa = PBXFileReference; lastKnownFileType = sourcecode.swift; path = ApiService.swift; sourceTree = "<group>"; };
		B67BDDDD2AAF86FF00F77A1E /* ThemeList.swift */ = {isa = PBXFileReference; lastKnownFileType = sourcecode.swift; path = ThemeList.swift; sourceTree = "<group>"; };
		B67BDDDF2AAF974400F77A1E /* ThemeById.swift */ = {isa = PBXFileReference; lastKnownFileType = sourcecode.swift; path = ThemeById.swift; sourceTree = "<group>"; };
		B67BDDE12AAFA16300F77A1E /* ThemeComponentList.swift */ = {isa = PBXFileReference; lastKnownFileType = sourcecode.swift; path = ThemeComponentList.swift; sourceTree = "<group>"; };
		B67BDDE32AAFA28F00F77A1E /* ThemeComponentById.swift */ = {isa = PBXFileReference; lastKnownFileType = sourcecode.swift; path = ThemeComponentById.swift; sourceTree = "<group>"; };
		B6810AD02AAD80EC004ED703 /* Coordinator.swift */ = {isa = PBXFileReference; lastKnownFileType = sourcecode.swift; path = Coordinator.swift; sourceTree = "<group>"; };
		B6810AD32AAD83D9004ED703 /* HomeViewController.swift */ = {isa = PBXFileReference; lastKnownFileType = sourcecode.swift; path = HomeViewController.swift; sourceTree = "<group>"; };
		B683928E2AAD3AA3000F8F5C /* GoogleService-Info.plist */ = {isa = PBXFileReference; fileEncoding = 4; lastKnownFileType = text.plist.xml; path = "GoogleService-Info.plist"; sourceTree = "<group>"; };
		B68392932AAD3F80000F8F5C /* Worker.swift */ = {isa = PBXFileReference; lastKnownFileType = sourcecode.swift; name = Worker.swift; path = "../../../../Exemplo-DSM/Source/Worker.swift"; sourceTree = "<group>"; };
		B683929D2AAD47D7000F8F5C /* UserModel.swift */ = {isa = PBXFileReference; lastKnownFileType = sourcecode.swift; name = UserModel.swift; path = ../../../../../../../SDKNet/Source/Network/Provider/UserModel.swift; sourceTree = "<group>"; };
		B683929F2AAD48E6000F8F5C /* UserProvider.swift */ = {isa = PBXFileReference; lastKnownFileType = sourcecode.swift; path = UserProvider.swift; sourceTree = "<group>"; };
		B68392A22AAD515B000F8F5C /* Constants.swift */ = {isa = PBXFileReference; lastKnownFileType = sourcecode.swift; path = Constants.swift; sourceTree = "<group>"; };
		B68392A42AAD52EE000F8F5C /* UserManager.swift */ = {isa = PBXFileReference; lastKnownFileType = sourcecode.swift; path = UserManager.swift; sourceTree = "<group>"; };
		B68392A62AAD546F000F8F5C /* UserBusiness.swift */ = {isa = PBXFileReference; lastKnownFileType = sourcecode.swift; path = UserBusiness.swift; sourceTree = "<group>"; };
/* End PBXFileReference section */

/* Begin PBXFrameworksBuildPhase section */
		B60A99A62AA67557007983E0 /* Frameworks */ = {
			isa = PBXFrameworksBuildPhase;
			buildActionMask = 2147483647;
			files = (
				101A4170D9601E5FE55AC257 /* Pods_MentoriaProject.framework in Frameworks */,
			);
			runOnlyForDeploymentPostprocessing = 0;
		};
/* End PBXFrameworksBuildPhase section */

/* Begin PBXGroup section */
		6547D29E6C6562867FCE9A63 /* Pods */ = {
			isa = PBXGroup;
			children = (
				808BBF6EDCC6B68AF85C8090 /* Pods-MentoriaProject.debug.xcconfig */,
				843E04C5E759987E3845026E /* Pods-MentoriaProject.release.xcconfig */,
			);
			path = Pods;
			sourceTree = "<group>";
		};
		B60A99A02AA67557007983E0 = {
			isa = PBXGroup;
			children = (
				B60A99AB2AA67557007983E0 /* MentoriaProject */,
				B60A99C02AA67689007983E0 /* Source */,
				B60A99AA2AA67557007983E0 /* Products */,
				6547D29E6C6562867FCE9A63 /* Pods */,
				C3185EA626BE632095156187 /* Frameworks */,
			);
			sourceTree = "<group>";
		};
		B60A99AA2AA67557007983E0 /* Products */ = {
			isa = PBXGroup;
			children = (
				B60A99A92AA67557007983E0 /* MentoriaProject.app */,
			);
			name = Products;
			sourceTree = "<group>";
		};
		B60A99AB2AA67557007983E0 /* MentoriaProject */ = {
			isa = PBXGroup;
			children = (
				B60A99AC2AA67557007983E0 /* AppDelegate.swift */,
				B60A99AE2AA67557007983E0 /* SceneDelegate.swift */,
				B60A99B52AA67558007983E0 /* Assets.xcassets */,
				B60A99B72AA67558007983E0 /* LaunchScreen.storyboard */,
				B683928E2AAD3AA3000F8F5C /* GoogleService-Info.plist */,
				B60A99BA2AA67558007983E0 /* Info.plist */,
			);
			path = MentoriaProject;
			sourceTree = "<group>";
		};
		B60A99C02AA67689007983E0 /* Source */ = {
			isa = PBXGroup;
			children = (
				B67BDDD82AAF83F500F77A1E /* APIService */,
				B6810ACF2AAD80D6004ED703 /* Coordinator */,
				B68392A12AAD5149000F8F5C /* Helpers */,
				B60A99C12AA676B2007983E0 /* Controller */,
				B60A99C72AA67B83007983E0 /* Extensions */,
				B68392922AAD3F68000F8F5C /* Worker */,
			);
			path = Source;
			sourceTree = "<group>";
		};
		B60A99C12AA676B2007983E0 /* Controller */ = {
			isa = PBXGroup;
			children = (
				B6810AD22AAD83BB004ED703 /* Home */,
				B60A99C22AA676BA007983E0 /* Login */,
				B60A99CC2AA69406007983E0 /* Register */,
			);
			path = Controller;
			sourceTree = "<group>";
		};
		B60A99C22AA676BA007983E0 /* Login */ = {
			isa = PBXGroup;
			children = (
				B68392982AAD41EC000F8F5C /* ApiLogin */,
				B68392912AAD3DF2000F8F5C /* Model */,
				B68392902AAD3DD5000F8F5C /* View */,
			);
			path = Login;
			sourceTree = "<group>";
		};
		B60A99C72AA67B83007983E0 /* Extensions */ = {
			isa = PBXGroup;
			children = (
				B60A99C82AA67BE0007983E0 /* UIView+.swift */,
				B60A99CA2AA68601007983E0 /* UITextField+.swift */,
			);
			path = Extensions;
			sourceTree = "<group>";
		};
		B60A99CC2AA69406007983E0 /* Register */ = {
			isa = PBXGroup;
			children = (
				B60A99CD2AA6942A007983E0 /* RegisterView.swift */,
				B60A99CF2AA69435007983E0 /* RegisterViewController.swift */,
				B60A99D12AA69441007983E0 /* RegisterViewModel.swift */,
			);
			path = Register;
			sourceTree = "<group>";
		};
		B67BDDD82AAF83F500F77A1E /* APIService */ = {
			isa = PBXGroup;
			children = (
				B67BDDDA2AAF84FC00F77A1E /* ApiService.swift */,
				B67BDDDC2AAF86E900F77A1E /* Model */,
			);
			path = APIService;
			sourceTree = "<group>";
		};
		B67BDDDC2AAF86E900F77A1E /* Model */ = {
			isa = PBXGroup;
			children = (
				B67BDDDD2AAF86FF00F77A1E /* ThemeList.swift */,
				B67BDDDF2AAF974400F77A1E /* ThemeById.swift */,
				B67BDDE12AAFA16300F77A1E /* ThemeComponentList.swift */,
				B67BDDE32AAFA28F00F77A1E /* ThemeComponentById.swift */,
			);
			path = Model;
			sourceTree = "<group>";
		};
		B6810ACF2AAD80D6004ED703 /* Coordinator */ = {
			isa = PBXGroup;
			children = (
				B6810AD02AAD80EC004ED703 /* Coordinator.swift */,
			);
			path = Coordinator;
			sourceTree = "<group>";
		};
		B6810AD22AAD83BB004ED703 /* Home */ = {
			isa = PBXGroup;
			children = (
				B6810AD32AAD83D9004ED703 /* HomeViewController.swift */,
			);
			path = Home;
			sourceTree = "<group>";
		};
		B68392902AAD3DD5000F8F5C /* View */ = {
			isa = PBXGroup;
			children = (
				B60A99C32AA676D8007983E0 /* LoginView.swift */,
				B60A99B02AA67557007983E0 /* LoginViewController.swift */,
				B60A99C52AA67718007983E0 /* LoginViewModel.swift */,
			);
			path = View;
			sourceTree = "<group>";
		};
		B68392912AAD3DF2000F8F5C /* Model */ = {
			isa = PBXGroup;
			children = (
			);
			path = Model;
			sourceTree = "<group>";
		};
		B68392922AAD3F68000F8F5C /* Worker */ = {
			isa = PBXGroup;
			children = (
				B68392932AAD3F80000F8F5C /* Worker.swift */,
			);
			path = Worker;
			sourceTree = "<group>";
		};
		B68392982AAD41EC000F8F5C /* ApiLogin */ = {
			isa = PBXGroup;
			children = (
				B683929C2AAD47C3000F8F5C /* Model */,
				B683929B2AAD4201000F8F5C /* Provider */,
				B68392992AAD41F6000F8F5C /* Bussines */,
				B683929A2AAD41FE000F8F5C /* Maneger */,
			);
			path = ApiLogin;
			sourceTree = "<group>";
		};
		B68392992AAD41F6000F8F5C /* Bussines */ = {
			isa = PBXGroup;
			children = (
				B68392A62AAD546F000F8F5C /* UserBusiness.swift */,
			);
			path = Bussines;
			sourceTree = "<group>";
		};
		B683929A2AAD41FE000F8F5C /* Maneger */ = {
			isa = PBXGroup;
			children = (
				B68392A42AAD52EE000F8F5C /* UserManager.swift */,
			);
			path = Maneger;
			sourceTree = "<group>";
		};
		B683929B2AAD4201000F8F5C /* Provider */ = {
			isa = PBXGroup;
			children = (
				B683929F2AAD48E6000F8F5C /* UserProvider.swift */,
			);
			path = Provider;
			sourceTree = "<group>";
		};
		B683929C2AAD47C3000F8F5C /* Model */ = {
			isa = PBXGroup;
			children = (
				B683929D2AAD47D7000F8F5C /* UserModel.swift */,
			);
			path = Model;
			sourceTree = "<group>";
		};
		B68392A12AAD5149000F8F5C /* Helpers */ = {
			isa = PBXGroup;
			children = (
				B68392A22AAD515B000F8F5C /* Constants.swift */,
			);
			path = Helpers;
			sourceTree = "<group>";
		};
		C3185EA626BE632095156187 /* Frameworks */ = {
			isa = PBXGroup;
			children = (
				4D377D2DE414129FAB459DAD /* Pods_MentoriaProject.framework */,
			);
			name = Frameworks;
			sourceTree = "<group>";
		};
/* End PBXGroup section */

/* Begin PBXNativeTarget section */
		B60A99A82AA67557007983E0 /* MentoriaProject */ = {
			isa = PBXNativeTarget;
			buildConfigurationList = B60A99BD2AA67558007983E0 /* Build configuration list for PBXNativeTarget "MentoriaProject" */;
			buildPhases = (
				8130BFF41736FE7A5BF08399 /* [CP] Check Pods Manifest.lock */,
				B60A99A52AA67557007983E0 /* Sources */,
				B60A99A62AA67557007983E0 /* Frameworks */,
				B60A99A72AA67557007983E0 /* Resources */,
				09B68F0CF3098D18DD76E5DD /* [CP] Embed Pods Frameworks */,
			);
			buildRules = (
			);
			dependencies = (
			);
			name = MentoriaProject;
			productName = MentoriaProject;
			productReference = B60A99A92AA67557007983E0 /* MentoriaProject.app */;
			productType = "com.apple.product-type.application";
		};
/* End PBXNativeTarget section */

/* Begin PBXProject section */
		B60A99A12AA67557007983E0 /* Project object */ = {
			isa = PBXProject;
			attributes = {
				BuildIndependentTargetsInParallel = 1;
				LastSwiftUpdateCheck = 1430;
				LastUpgradeCheck = 1430;
				TargetAttributes = {
					B60A99A82AA67557007983E0 = {
						CreatedOnToolsVersion = 14.3.1;
					};
				};
			};
			buildConfigurationList = B60A99A42AA67557007983E0 /* Build configuration list for PBXProject "MentoriaProject" */;
			compatibilityVersion = "Xcode 14.0";
			developmentRegion = en;
			hasScannedForEncodings = 0;
			knownRegions = (
				en,
				Base,
			);
			mainGroup = B60A99A02AA67557007983E0;
			productRefGroup = B60A99AA2AA67557007983E0 /* Products */;
			projectDirPath = "";
			projectRoot = "";
			targets = (
				B60A99A82AA67557007983E0 /* MentoriaProject */,
			);
		};
/* End PBXProject section */

/* Begin PBXResourcesBuildPhase section */
		B60A99A72AA67557007983E0 /* Resources */ = {
			isa = PBXResourcesBuildPhase;
			buildActionMask = 2147483647;
			files = (
				B60A99B92AA67558007983E0 /* LaunchScreen.storyboard in Resources */,
				B683928F2AAD3AA4000F8F5C /* GoogleService-Info.plist in Resources */,
				B60A99B62AA67558007983E0 /* Assets.xcassets in Resources */,
			);
			runOnlyForDeploymentPostprocessing = 0;
		};
/* End PBXResourcesBuildPhase section */

/* Begin PBXShellScriptBuildPhase section */
		09B68F0CF3098D18DD76E5DD /* [CP] Embed Pods Frameworks */ = {
			isa = PBXShellScriptBuildPhase;
			buildActionMask = 2147483647;
			files = (
			);
			inputFileListPaths = (
				"${PODS_ROOT}/Target Support Files/Pods-MentoriaProject/Pods-MentoriaProject-frameworks-${CONFIGURATION}-input-files.xcfilelist",
			);
			name = "[CP] Embed Pods Frameworks";
			outputFileListPaths = (
				"${PODS_ROOT}/Target Support Files/Pods-MentoriaProject/Pods-MentoriaProject-frameworks-${CONFIGURATION}-output-files.xcfilelist",
			);
			runOnlyForDeploymentPostprocessing = 0;
			shellPath = /bin/sh;
			shellScript = "\"${PODS_ROOT}/Target Support Files/Pods-MentoriaProject/Pods-MentoriaProject-frameworks.sh\"\n";
			showEnvVarsInLog = 0;
		};
		8130BFF41736FE7A5BF08399 /* [CP] Check Pods Manifest.lock */ = {
			isa = PBXShellScriptBuildPhase;
			buildActionMask = 2147483647;
			files = (
			);
			inputFileListPaths = (
			);
			inputPaths = (
				"${PODS_PODFILE_DIR_PATH}/Podfile.lock",
				"${PODS_ROOT}/Manifest.lock",
			);
			name = "[CP] Check Pods Manifest.lock";
			outputFileListPaths = (
			);
			outputPaths = (
				"$(DERIVED_FILE_DIR)/Pods-MentoriaProject-checkManifestLockResult.txt",
			);
			runOnlyForDeploymentPostprocessing = 0;
			shellPath = /bin/sh;
			shellScript = "diff \"${PODS_PODFILE_DIR_PATH}/Podfile.lock\" \"${PODS_ROOT}/Manifest.lock\" > /dev/null\nif [ $? != 0 ] ; then\n    # print error to STDERR\n    echo \"error: The sandbox is not in sync with the Podfile.lock. Run 'pod install' or update your CocoaPods installation.\" >&2\n    exit 1\nfi\n# This output is used by Xcode 'outputs' to avoid re-running this script phase.\necho \"SUCCESS\" > \"${SCRIPT_OUTPUT_FILE_0}\"\n";
			showEnvVarsInLog = 0;
		};
/* End PBXShellScriptBuildPhase section */

/* Begin PBXSourcesBuildPhase section */
		B60A99A52AA67557007983E0 /* Sources */ = {
			isa = PBXSourcesBuildPhase;
			buildActionMask = 2147483647;
			files = (
				B60A99D02AA69435007983E0 /* RegisterViewController.swift in Sources */,
				B60A99D22AA69441007983E0 /* RegisterViewModel.swift in Sources */,
				B60A99C92AA67BE0007983E0 /* UIView+.swift in Sources */,
				B68392A52AAD52EE000F8F5C /* UserManager.swift in Sources */,
				B60A99B12AA67557007983E0 /* LoginViewController.swift in Sources */,
				B6810AD42AAD83D9004ED703 /* HomeViewController.swift in Sources */,
				B60A99CB2AA68601007983E0 /* UITextField+.swift in Sources */,
				B60A99AD2AA67557007983E0 /* AppDelegate.swift in Sources */,
				B68392A02AAD48E6000F8F5C /* UserProvider.swift in Sources */,
				B68392A72AAD546F000F8F5C /* UserBusiness.swift in Sources */,
				B60A99C42AA676D8007983E0 /* LoginView.swift in Sources */,
				B6810AD12AAD80EC004ED703 /* Coordinator.swift in Sources */,
				B67BDDE42AAFA28F00F77A1E /* ThemeComponentById.swift in Sources */,
				B60A99CE2AA6942A007983E0 /* RegisterView.swift in Sources */,
				B60A99C62AA67718007983E0 /* LoginViewModel.swift in Sources */,
				B67BDDDB2AAF84FC00F77A1E /* ApiService.swift in Sources */,
				B68392942AAD3F80000F8F5C /* Worker.swift in Sources */,
				B68392A32AAD515B000F8F5C /* Constants.swift in Sources */,
				B67BDDDE2AAF86FF00F77A1E /* ThemeList.swift in Sources */,
				B683929E2AAD47D7000F8F5C /* UserModel.swift in Sources */,
				B67BDDE02AAF974400F77A1E /* ThemeById.swift in Sources */,
				B60A99AF2AA67557007983E0 /* SceneDelegate.swift in Sources */,
				B67BDDE22AAFA16300F77A1E /* ThemeComponentList.swift in Sources */,
			);
			runOnlyForDeploymentPostprocessing = 0;
		};
/* End PBXSourcesBuildPhase section */

/* Begin PBXVariantGroup section */
		B60A99B72AA67558007983E0 /* LaunchScreen.storyboard */ = {
			isa = PBXVariantGroup;
			children = (
				B60A99B82AA67558007983E0 /* Base */,
			);
			name = LaunchScreen.storyboard;
			sourceTree = "<group>";
		};
/* End PBXVariantGroup section */

/* Begin XCBuildConfiguration section */
		B60A99BB2AA67558007983E0 /* Debug */ = {
			isa = XCBuildConfiguration;
			buildSettings = {
				ALWAYS_SEARCH_USER_PATHS = NO;
				CLANG_ANALYZER_NONNULL = YES;
				CLANG_ANALYZER_NUMBER_OBJECT_CONVERSION = YES_AGGRESSIVE;
				CLANG_CXX_LANGUAGE_STANDARD = "gnu++20";
				CLANG_ENABLE_MODULES = YES;
				CLANG_ENABLE_OBJC_ARC = YES;
				CLANG_ENABLE_OBJC_WEAK = YES;
				CLANG_WARN_BLOCK_CAPTURE_AUTORELEASING = YES;
				CLANG_WARN_BOOL_CONVERSION = YES;
				CLANG_WARN_COMMA = YES;
				CLANG_WARN_CONSTANT_CONVERSION = YES;
				CLANG_WARN_DEPRECATED_OBJC_IMPLEMENTATIONS = YES;
				CLANG_WARN_DIRECT_OBJC_ISA_USAGE = YES_ERROR;
				CLANG_WARN_DOCUMENTATION_COMMENTS = YES;
				CLANG_WARN_EMPTY_BODY = YES;
				CLANG_WARN_ENUM_CONVERSION = YES;
				CLANG_WARN_INFINITE_RECURSION = YES;
				CLANG_WARN_INT_CONVERSION = YES;
				CLANG_WARN_NON_LITERAL_NULL_CONVERSION = YES;
				CLANG_WARN_OBJC_IMPLICIT_RETAIN_SELF = YES;
				CLANG_WARN_OBJC_LITERAL_CONVERSION = YES;
				CLANG_WARN_OBJC_ROOT_CLASS = YES_ERROR;
				CLANG_WARN_QUOTED_INCLUDE_IN_FRAMEWORK_HEADER = YES;
				CLANG_WARN_RANGE_LOOP_ANALYSIS = YES;
				CLANG_WARN_STRICT_PROTOTYPES = YES;
				CLANG_WARN_SUSPICIOUS_MOVE = YES;
				CLANG_WARN_UNGUARDED_AVAILABILITY = YES_AGGRESSIVE;
				CLANG_WARN_UNREACHABLE_CODE = YES;
				CLANG_WARN__DUPLICATE_METHOD_MATCH = YES;
				COPY_PHASE_STRIP = NO;
				DEBUG_INFORMATION_FORMAT = dwarf;
				ENABLE_STRICT_OBJC_MSGSEND = YES;
				ENABLE_TESTABILITY = YES;
				GCC_C_LANGUAGE_STANDARD = gnu11;
				GCC_DYNAMIC_NO_PIC = NO;
				GCC_NO_COMMON_BLOCKS = YES;
				GCC_OPTIMIZATION_LEVEL = 0;
				GCC_PREPROCESSOR_DEFINITIONS = (
					"DEBUG=1",
					"$(inherited)",
				);
				GCC_WARN_64_TO_32_BIT_CONVERSION = YES;
				GCC_WARN_ABOUT_RETURN_TYPE = YES_ERROR;
				GCC_WARN_UNDECLARED_SELECTOR = YES;
				GCC_WARN_UNINITIALIZED_AUTOS = YES_AGGRESSIVE;
				GCC_WARN_UNUSED_FUNCTION = YES;
				GCC_WARN_UNUSED_VARIABLE = YES;
				IPHONEOS_DEPLOYMENT_TARGET = 13.0;
				MTL_ENABLE_DEBUG_INFO = INCLUDE_SOURCE;
				MTL_FAST_MATH = YES;
				ONLY_ACTIVE_ARCH = YES;
				SDKROOT = iphoneos;
				SWIFT_ACTIVE_COMPILATION_CONDITIONS = DEBUG;
				SWIFT_OPTIMIZATION_LEVEL = "-Onone";
			};
			name = Debug;
		};
		B60A99BC2AA67558007983E0 /* Release */ = {
			isa = XCBuildConfiguration;
			buildSettings = {
				ALWAYS_SEARCH_USER_PATHS = NO;
				CLANG_ANALYZER_NONNULL = YES;
				CLANG_ANALYZER_NUMBER_OBJECT_CONVERSION = YES_AGGRESSIVE;
				CLANG_CXX_LANGUAGE_STANDARD = "gnu++20";
				CLANG_ENABLE_MODULES = YES;
				CLANG_ENABLE_OBJC_ARC = YES;
				CLANG_ENABLE_OBJC_WEAK = YES;
				CLANG_WARN_BLOCK_CAPTURE_AUTORELEASING = YES;
				CLANG_WARN_BOOL_CONVERSION = YES;
				CLANG_WARN_COMMA = YES;
				CLANG_WARN_CONSTANT_CONVERSION = YES;
				CLANG_WARN_DEPRECATED_OBJC_IMPLEMENTATIONS = YES;
				CLANG_WARN_DIRECT_OBJC_ISA_USAGE = YES_ERROR;
				CLANG_WARN_DOCUMENTATION_COMMENTS = YES;
				CLANG_WARN_EMPTY_BODY = YES;
				CLANG_WARN_ENUM_CONVERSION = YES;
				CLANG_WARN_INFINITE_RECURSION = YES;
				CLANG_WARN_INT_CONVERSION = YES;
				CLANG_WARN_NON_LITERAL_NULL_CONVERSION = YES;
				CLANG_WARN_OBJC_IMPLICIT_RETAIN_SELF = YES;
				CLANG_WARN_OBJC_LITERAL_CONVERSION = YES;
				CLANG_WARN_OBJC_ROOT_CLASS = YES_ERROR;
				CLANG_WARN_QUOTED_INCLUDE_IN_FRAMEWORK_HEADER = YES;
				CLANG_WARN_RANGE_LOOP_ANALYSIS = YES;
				CLANG_WARN_STRICT_PROTOTYPES = YES;
				CLANG_WARN_SUSPICIOUS_MOVE = YES;
				CLANG_WARN_UNGUARDED_AVAILABILITY = YES_AGGRESSIVE;
				CLANG_WARN_UNREACHABLE_CODE = YES;
				CLANG_WARN__DUPLICATE_METHOD_MATCH = YES;
				COPY_PHASE_STRIP = NO;
				DEBUG_INFORMATION_FORMAT = "dwarf-with-dsym";
				ENABLE_NS_ASSERTIONS = NO;
				ENABLE_STRICT_OBJC_MSGSEND = YES;
				GCC_C_LANGUAGE_STANDARD = gnu11;
				GCC_NO_COMMON_BLOCKS = YES;
				GCC_WARN_64_TO_32_BIT_CONVERSION = YES;
				GCC_WARN_ABOUT_RETURN_TYPE = YES_ERROR;
				GCC_WARN_UNDECLARED_SELECTOR = YES;
				GCC_WARN_UNINITIALIZED_AUTOS = YES_AGGRESSIVE;
				GCC_WARN_UNUSED_FUNCTION = YES;
				GCC_WARN_UNUSED_VARIABLE = YES;
				IPHONEOS_DEPLOYMENT_TARGET = 13.0;
				MTL_ENABLE_DEBUG_INFO = NO;
				MTL_FAST_MATH = YES;
				SDKROOT = iphoneos;
				SWIFT_COMPILATION_MODE = wholemodule;
				SWIFT_OPTIMIZATION_LEVEL = "-O";
				VALIDATE_PRODUCT = YES;
			};
			name = Release;
		};
		B60A99BE2AA67558007983E0 /* Debug */ = {
			isa = XCBuildConfiguration;
			baseConfigurationReference = 808BBF6EDCC6B68AF85C8090 /* Pods-MentoriaProject.debug.xcconfig */;
			buildSettings = {
				ASSETCATALOG_COMPILER_APPICON_NAME = AppIcon;
				ASSETCATALOG_COMPILER_GLOBAL_ACCENT_COLOR_NAME = AccentColor;
				CODE_SIGN_STYLE = Automatic;
				CURRENT_PROJECT_VERSION = 1;
				GENERATE_INFOPLIST_FILE = YES;
				INFOPLIST_FILE = MentoriaProject/Info.plist;
				INFOPLIST_KEY_UIApplicationSupportsIndirectInputEvents = YES;
				INFOPLIST_KEY_UILaunchStoryboardName = LaunchScreen;
				INFOPLIST_KEY_UIMainStoryboardFile = "";
				INFOPLIST_KEY_UISupportedInterfaceOrientations_iPad = "UIInterfaceOrientationPortrait UIInterfaceOrientationPortraitUpsideDown UIInterfaceOrientationLandscapeLeft UIInterfaceOrientationLandscapeRight";
				INFOPLIST_KEY_UISupportedInterfaceOrientations_iPhone = "UIInterfaceOrientationPortrait UIInterfaceOrientationLandscapeLeft UIInterfaceOrientationLandscapeRight";
				IPHONEOS_DEPLOYMENT_TARGET = 13.0;
				LD_RUNPATH_SEARCH_PATHS = (
					"$(inherited)",
					"@executable_path/Frameworks",
				);
				MARKETING_VERSION = 1.0;
				PRODUCT_BUNDLE_IDENTIFIER = "Rogerio-Martins.MentoriaProject";
				PRODUCT_NAME = "$(TARGET_NAME)";
				SWIFT_EMIT_LOC_STRINGS = YES;
				SWIFT_VERSION = 5.0;
				TARGETED_DEVICE_FAMILY = "1,2";
			};
			name = Debug;
		};
		B60A99BF2AA67558007983E0 /* Release */ = {
			isa = XCBuildConfiguration;
			baseConfigurationReference = 843E04C5E759987E3845026E /* Pods-MentoriaProject.release.xcconfig */;
			buildSettings = {
				ASSETCATALOG_COMPILER_APPICON_NAME = AppIcon;
				ASSETCATALOG_COMPILER_GLOBAL_ACCENT_COLOR_NAME = AccentColor;
				CODE_SIGN_STYLE = Automatic;
				CURRENT_PROJECT_VERSION = 1;
				GENERATE_INFOPLIST_FILE = YES;
				INFOPLIST_FILE = MentoriaProject/Info.plist;
				INFOPLIST_KEY_UIApplicationSupportsIndirectInputEvents = YES;
				INFOPLIST_KEY_UILaunchStoryboardName = LaunchScreen;
				INFOPLIST_KEY_UIMainStoryboardFile = "";
				INFOPLIST_KEY_UISupportedInterfaceOrientations_iPad = "UIInterfaceOrientationPortrait UIInterfaceOrientationPortraitUpsideDown UIInterfaceOrientationLandscapeLeft UIInterfaceOrientationLandscapeRight";
				INFOPLIST_KEY_UISupportedInterfaceOrientations_iPhone = "UIInterfaceOrientationPortrait UIInterfaceOrientationLandscapeLeft UIInterfaceOrientationLandscapeRight";
				IPHONEOS_DEPLOYMENT_TARGET = 13.0;
				LD_RUNPATH_SEARCH_PATHS = (
					"$(inherited)",
					"@executable_path/Frameworks",
				);
				MARKETING_VERSION = 1.0;
				PRODUCT_BUNDLE_IDENTIFIER = "Rogerio-Martins.MentoriaProject";
				PRODUCT_NAME = "$(TARGET_NAME)";
				SWIFT_EMIT_LOC_STRINGS = YES;
				SWIFT_VERSION = 5.0;
				TARGETED_DEVICE_FAMILY = "1,2";
			};
			name = Release;
		};
/* End XCBuildConfiguration section */

/* Begin XCConfigurationList section */
		B60A99A42AA67557007983E0 /* Build configuration list for PBXProject "MentoriaProject" */ = {
			isa = XCConfigurationList;
			buildConfigurations = (
				B60A99BB2AA67558007983E0 /* Debug */,
				B60A99BC2AA67558007983E0 /* Release */,
			);
			defaultConfigurationIsVisible = 0;
			defaultConfigurationName = Release;
		};
		B60A99BD2AA67558007983E0 /* Build configuration list for PBXNativeTarget "MentoriaProject" */ = {
			isa = XCConfigurationList;
			buildConfigurations = (
				B60A99BE2AA67558007983E0 /* Debug */,
				B60A99BF2AA67558007983E0 /* Release */,
			);
			defaultConfigurationIsVisible = 0;
			defaultConfigurationName = Release;
		};
/* End XCConfigurationList section */
	};
	rootObject = B60A99A12AA67557007983E0 /* Project object */;
}
